{
  "name": "raster-vector-example",
  "version": "1.0.0",
  "lockfileVersion": 1,
  "requires": true,
  "dependencies": {
    "fsz": {
      "version": "1.2.0",
      "resolved": "https://registry.npmjs.org/fsz/-/fsz-1.2.0.tgz",
      "integrity": "sha512-oetBOitxCcINibbJmKEgeanwASg+MIZ1mgKca1DgLhMbRKoy5eiN036Sc9bFJb9yJGWzvroB2I14OJME2oCk9w=="
    },
    "underscore": {
      "version": "1.8.3",
      "resolved": "https://registry.npmjs.org/underscore/-/underscore-1.8.3.tgz",
      "integrity": "sha1-Tz+1OxBuYJf8+ctBCfKl6b36UCI="
    }
  }
}
